
Microsoft Visual Studio Solution File, Format Version 12.00
# Visual Studio Version 17
VisualStudioVersion = 17.5.002.0
MinimumVisualStudioVersion = 10.0.40219.1
Project("{2150E333-8FDC-42A3-9474-1A3956D46DE8}") = "src", "src", "{E0163128-216C-4684-A355-63825F7DCF6B}"
EndProject
Project("{9A19103F-16F7-4668-BE54-9A1E7A4F7556}") = "E.API", "src\E.API\E.API.csproj", "{5C06C662-92B6-4F60-A6D9-3F9685F174F6}"
EndProject
Project("{9A19103F-16F7-4668-BE54-9A1E7A4F7556}") = "E.Application", "src\E.Application\E.Application.csproj", "{6701369E-4C3D-4380-9553-E3D567AE6616}"
EndProject
Project("{9A19103F-16F7-4668-BE54-9A1E7A4F7556}") = "E.Domain", "src\E.Domain\E.Domain.csproj", "{DEF8CA6E-FA28-47D0-9C31-7786C9725C57}"
EndProject
Project("{9A19103F-16F7-4668-BE54-9A1E7A4F7556}") = "E.Infrastructure", "src\E.Infrastructure\E.Infrastructure.csproj", "{E02AA23F-7F4E-456B-A54A-02C76A0FAD98}"
EndProject
Project("{E53339B2-1760-4266-BCC7-CA923CBCF16C}") = "docker-compose", "docker-compose.dcproj", "{5BDFD707-AEBC-487F-99E1-3ABA0EF82CCB}"
EndProject
Global
	GlobalSection(SolutionConfigurationPlatforms) = preSolution
		Debug|Any CPU = Debug|Any CPU
		Release|Any CPU = Release|Any CPU
	EndGlobalSection
	GlobalSection(ProjectConfigurationPlatforms) = postSolution
		{5C06C662-92B6-4F60-A6D9-3F9685F174F6}.Debug|Any CPU.ActiveCfg = Debug|Any CPU
		{5C06C662-92B6-4F60-A6D9-3F9685F174F6}.Debug|Any CPU.Build.0 = Debug|Any CPU
		{5C06C662-92B6-4F60-A6D9-3F9685F174F6}.Release|Any CPU.ActiveCfg = Release|Any CPU
		{5C06C662-92B6-4F60-A6D9-3F9685F174F6}.Release|Any CPU.Build.0 = Release|Any CPU
		{6701369E-4C3D-4380-9553-E3D567AE6616}.Debug|Any CPU.ActiveCfg = Debug|Any CPU
		{6701369E-4C3D-4380-9553-E3D567AE6616}.Debug|Any CPU.Build.0 = Debug|Any CPU
		{6701369E-4C3D-4380-9553-E3D567AE6616}.Release|Any CPU.ActiveCfg = Release|Any CPU
		{6701369E-4C3D-4380-9553-E3D567AE6616}.Release|Any CPU.Build.0 = Release|Any CPU
		{DEF8CA6E-FA28-47D0-9C31-7786C9725C57}.Debug|Any CPU.ActiveCfg = Debug|Any CPU
		{DEF8CA6E-FA28-47D0-9C31-7786C9725C57}.Debug|Any CPU.Build.0 = Debug|Any CPU
		{DEF8CA6E-FA28-47D0-9C31-7786C9725C57}.Release|Any CPU.ActiveCfg = Release|Any CPU
		{DEF8CA6E-FA28-47D0-9C31-7786C9725C57}.Release|Any CPU.Build.0 = Release|Any CPU
		{E02AA23F-7F4E-456B-A54A-02C76A0FAD98}.Debug|Any CPU.ActiveCfg = Debug|Any CPU
		{E02AA23F-7F4E-456B-A54A-02C76A0FAD98}.Debug|Any CPU.Build.0 = Debug|Any CPU
		{E02AA23F-7F4E-456B-A54A-02C76A0FAD98}.Release|Any CPU.ActiveCfg = Release|Any CPU
		{E02AA23F-7F4E-456B-A54A-02C76A0FAD98}.Release|Any CPU.Build.0 = Release|Any CPU
		{5BDFD707-AEBC-487F-99E1-3ABA0EF82CCB}.Debug|Any CPU.ActiveCfg = Debug|Any CPU
		{5BDFD707-AEBC-487F-99E1-3ABA0EF82CCB}.Debug|Any CPU.Build.0 = Debug|Any CPU
		{5BDFD707-AEBC-487F-99E1-3ABA0EF82CCB}.Release|Any CPU.ActiveCfg = Release|Any CPU
		{5BDFD707-AEBC-487F-99E1-3ABA0EF82CCB}.Release|Any CPU.Build.0 = Release|Any CPU
	EndGlobalSection
	GlobalSection(SolutionProperties) = preSolution
		HideSolutionNode = FALSE
	EndGlobalSection
	GlobalSection(NestedProjects) = preSolution
		{5C06C662-92B6-4F60-A6D9-3F9685F174F6} = {E0163128-216C-4684-A355-63825F7DCF6B}
		{6701369E-4C3D-4380-9553-E3D567AE6616} = {E0163128-216C-4684-A355-63825F7DCF6B}
		{DEF8CA6E-FA28-47D0-9C31-7786C9725C57} = {E0163128-216C-4684-A355-63825F7DCF6B}
		{E02AA23F-7F4E-456B-A54A-02C76A0FAD98} = {E0163128-216C-4684-A355-63825F7DCF6B}
	EndGlobalSection
	GlobalSection(ExtensibilityGlobals) = postSolution
		SolutionGuid = {8FB2890D-56E3-4B03-98D6-63246E481275}
	EndGlobalSection
EndGlobal
